
Microsoft Visual Studio Solution File, Format Version 12.00
# Visual Studio Version 17
VisualStudioVersion = 17.13.35825.156 d17.13
MinimumVisualStudioVersion = 10.0.40219.1
Project("{FAE04EC0-301F-11D3-BF4B-00C04F79EFBC}") = "AliyunIdVerification", "AliyunIdVerification.csproj", "{303FA1B0-06CD-4DA1-AE04-B9942FD3D8C1}"
EndProject
Global
	GlobalSection(SolutionConfigurationPlatforms) = preSolution
		Debug|Any CPU = Debug|Any CPU
		Release|Any CPU = Release|Any CPU
	EndGlobalSection
	GlobalSection(ProjectConfigurationPlatforms) = postSolution
		{303FA1B0-06CD-4DA1-AE04-B9942FD3D8C1}.Debug|Any CPU.ActiveCfg = Debug|Any CPU
		{303FA1B0-06CD-4DA1-AE04-B9942FD3D8C1}.Debug|Any CPU.Build.0 = Debug|Any CPU
		{303FA1B0-06CD-4DA1-AE04-B9942FD3D8C1}.Release|Any CPU.ActiveCfg = Release|Any CPU
		{303FA1B0-06CD-4DA1-AE04-B9942FD3D8C1}.Release|Any CPU.Build.0 = Release|Any CPU
	EndGlobalSection
	GlobalSection(SolutionProperties) = preSolution
		HideSolutionNode = FALSE
	EndGlobalSection
	GlobalSection(ExtensibilityGlobals) = postSolution
		SolutionGuid = {C9B92893-4C9F-4156-9BC6-226FC92279C0}
	EndGlobalSection
EndGlobal
